
Microsoft Visual Studio Solution File, Format Version 12.00
# Visual Studio Version 17
VisualStudioVersion = 17.3.32929.385
MinimumVisualStudioVersion = 10.0.40219.1
Project("{FAE04EC0-301F-11D3-BF4B-00C04F79EFBC}") = "kibelezaTi16VictorLino", "kibelezaTi16VictorLino.csproj", "{3C09FC55-D147-461D-A8D6-E1B9B364C5D8}"
EndProject
Global
	GlobalSection(SolutionConfigurationPlatforms) = preSolution
		Debug|Any CPU = Debug|Any CPU
		Release|Any CPU = Release|Any CPU
	EndGlobalSection
	GlobalSection(ProjectConfigurationPlatforms) = postSolution
		{3C09FC55-D147-461D-A8D6-E1B9B364C5D8}.Debug|Any CPU.ActiveCfg = Debug|Any CPU
		{3C09FC55-D147-461D-A8D6-E1B9B364C5D8}.Debug|Any CPU.Build.0 = Debug|Any CPU
		{3C09FC55-D147-461D-A8D6-E1B9B364C5D8}.Release|Any CPU.ActiveCfg = Release|Any CPU
		{3C09FC55-D147-461D-A8D6-E1B9B364C5D8}.Release|Any CPU.Build.0 = Release|Any CPU
	EndGlobalSection
	GlobalSection(SolutionProperties) = preSolution
		HideSolutionNode = FALSE
	EndGlobalSection
	GlobalSection(ExtensibilityGlobals) = postSolution
		SolutionGuid = {DE795271-0B2D-499F-BD1A-D037A041FD3B}
	EndGlobalSection
EndGlobal
